
Microsoft Visual Studio Solution File, Format Version 12.00
# Visual Studio 2012
Project("{FAE04EC0-301F-11D3-BF4B-00C04F79EFBC}") = "Game", "Game.csproj", "{BFD1761E-9954-41AC-91F6-0EA9C4DE07E1}"
EndProject
Global
	GlobalSection(SolutionConfigurationPlatforms) = preSolution
		Debug|Any CPU = Debug|Any CPU
		Release|Any CPU = Release|Any CPU
	EndGlobalSection
	GlobalSection(ProjectConfigurationPlatforms) = postSolution
		{BFD1761E-9954-41AC-91F6-0EA9C4DE07E1}.Debug|Any CPU.ActiveCfg = Debug|Any CPU
		{BFD1761E-9954-41AC-91F6-0EA9C4DE07E1}.Debug|Any CPU.Build.0 = Debug|Any CPU
		{BFD1761E-9954-41AC-91F6-0EA9C4DE07E1}.Release|Any CPU.ActiveCfg = Release|Any CPU
		{BFD1761E-9954-41AC-91F6-0EA9C4DE07E1}.Release|Any CPU.Build.0 = Release|Any CPU
	EndGlobalSection
	GlobalSection(SolutionProperties) = preSolution
		HideSolutionNode = FALSE
	EndGlobalSection
EndGlobal
